// !$*UTF8*$!
{
	archiveVersion = 1;
	classes = {
	};
	objectVersion = 46;
	objects = {

/* Begin PBXBuildFile section */
		BBAB23CB13894F3D00AA2426 /* GLUT.framework in CopyFiles */ = {isa = PBXBuildFile; fileRef = BBAB23BE13894E4700AA2426 /* GLUT.framework */; };
		CE117BA71BCCA8EC003DFD6A /* Serializer.cpp in Sources */ = {isa = PBXBuildFile; fileRef = CE117BA51BCCA8EC003DFD6A /* Serializer.cpp */; settings = {ASSET_TAGS = (); }; };
		CE117CD51BCCE936003DFD6A /* Materials.cpp in Sources */ = {isa = PBXBuildFile; fileRef = CE117CD11BCCE936003DFD6A /* Materials.cpp */; settings = {ASSET_TAGS = (); }; };
		CE2CD48C1BC2FDC9000014AC /* Map.cpp in Sources */ = {isa = PBXBuildFile; fileRef = CE2CD48A1BC2FDC9000014AC /* Map.cpp */; settings = {ASSET_TAGS = (); }; };
		CE2CD4921BC369F6000014AC /* AStar.cpp in Sources */ = {isa = PBXBuildFile; fileRef = CE2CD4901BC369F6000014AC /* AStar.cpp */; settings = {ASSET_TAGS = (); }; };
		CE525D0A1BD5DB6B0028DDB9 /* VFX.cpp in Sources */ = {isa = PBXBuildFile; fileRef = CE525D081BD5DB6B0028DDB9 /* VFX.cpp */; settings = {ASSET_TAGS = (); }; };
		CEB9D1F61BCC52C7003FC036 /* ObjectFactory.cpp in Sources */ = {isa = PBXBuildFile; fileRef = CEB9D1F41BCC52C7003FC036 /* ObjectFactory.cpp */; settings = {ASSET_TAGS = (); }; };
		CEBB0E0B1BC2FD7A007948D9 /* Delaunay.cpp in Sources */ = {isa = PBXBuildFile; fileRef = CEBB0E061BC2FD7A007948D9 /* Delaunay.cpp */; settings = {ASSET_TAGS = (); }; };
		CEBB0E0C1BC2FD7A007948D9 /* ofxDelaunay.cpp in Sources */ = {isa = PBXBuildFile; fileRef = CEBB0E091BC2FD7A007948D9 /* ofxDelaunay.cpp */; settings = {ASSET_TAGS = (); }; };
		CEBD73071BC5596C003B1D7D /* Engine.cpp in Sources */ = {isa = PBXBuildFile; fileRef = CEBD73051BC5596C003B1D7D /* Engine.cpp */; settings = {ASSET_TAGS = (); }; };
		CED065F81BDB0DEE00BF9746 /* Orc.cpp in Sources */ = {isa = PBXBuildFile; fileRef = CED065F61BDB0DEE00BF9746 /* Orc.cpp */; settings = {ASSET_TAGS = (); }; };
		CED0B15F1BC76F4700FD1361 /* Menu.cpp in Sources */ = {isa = PBXBuildFile; fileRef = CED0B15D1BC76F4700FD1361 /* Menu.cpp */; settings = {ASSET_TAGS = (); }; };
		CED1B7CC1BD9C31A00A84E63 /* Dialog.cpp in Sources */ = {isa = PBXBuildFile; fileRef = CED1B7CA1BD9C31A00A84E63 /* Dialog.cpp */; settings = {ASSET_TAGS = (); }; };
		CED1B7CF1BD9CB6500A84E63 /* Magician.cpp in Sources */ = {isa = PBXBuildFile; fileRef = CED1B7CD1BD9CB6500A84E63 /* Magician.cpp */; settings = {ASSET_TAGS = (); }; };
		CEDB24171BCE0BE800D8CBE4 /* Paint.cpp in Sources */ = {isa = PBXBuildFile; fileRef = CEDB24151BCE0BE800D8CBE4 /* Paint.cpp */; settings = {ASSET_TAGS = (); }; };
		CEDB241B1BCECAC900D8CBE4 /* Inspect.cpp in Sources */ = {isa = PBXBuildFile; fileRef = CEDB241A1BCECAC900D8CBE4 /* Inspect.cpp */; settings = {ASSET_TAGS = (); }; };
		CEDB241E1BCEF46500D8CBE4 /* Actor.cpp in Sources */ = {isa = PBXBuildFile; fileRef = CEDB241C1BCEF46500D8CBE4 /* Actor.cpp */; settings = {ASSET_TAGS = (); }; };
		CEDB24241BCEF53300D8CBE4 /* Kobold.cpp in Sources */ = {isa = PBXBuildFile; fileRef = CEDB24221BCEF53300D8CBE4 /* Kobold.cpp */; settings = {ASSET_TAGS = (); }; };
		CEDB24271BCEFAFF00D8CBE4 /* Player.cpp in Sources */ = {isa = PBXBuildFile; fileRef = CEDB24251BCEFAFF00D8CBE4 /* Player.cpp */; settings = {ASSET_TAGS = (); }; };
		CEDE6B3F1BD7F9A10041FF0B /* Dijkstra.cpp in Sources */ = {isa = PBXBuildFile; fileRef = CEDE6B3D1BD7F9A10041FF0B /* Dijkstra.cpp */; settings = {ASSET_TAGS = (); }; };
		CEE6BFEB1BD24B61000C5478 /* Weapon.cpp in Sources */ = {isa = PBXBuildFile; fileRef = CEE6BFEA1BD24B61000C5478 /* Weapon.cpp */; settings = {ASSET_TAGS = (); }; };
		CEE6BFEE1BD24CAD000C5478 /* Item.cpp in Sources */ = {isa = PBXBuildFile; fileRef = CEE6BFED1BD24CAD000C5478 /* Item.cpp */; settings = {ASSET_TAGS = (); }; };
		CEE6BFF11BD2CC15000C5478 /* MapData.cpp in Sources */ = {isa = PBXBuildFile; fileRef = CEE6BFF01BD2CC15000C5478 /* MapData.cpp */; settings = {ASSET_TAGS = (); }; };
		CEE6C0071BD30AE6000C5478 /* ofxBaseGui.cpp in Sources */ = {isa = PBXBuildFile; fileRef = CEE6BFF61BD30AE6000C5478 /* ofxBaseGui.cpp */; settings = {ASSET_TAGS = (); }; };
		CEE6C0081BD30AE6000C5478 /* ofxButton.cpp in Sources */ = {isa = PBXBuildFile; fileRef = CEE6BFF81BD30AE6000C5478 /* ofxButton.cpp */; settings = {ASSET_TAGS = (); }; };
		CEE6C0091BD30AE6000C5478 /* ofxGuiGroup.cpp in Sources */ = {isa = PBXBuildFile; fileRef = CEE6BFFB1BD30AE6000C5478 /* ofxGuiGroup.cpp */; settings = {ASSET_TAGS = (); }; };
		CEE6C00A1BD30AE6000C5478 /* ofxLabel.cpp in Sources */ = {isa = PBXBuildFile; fileRef = CEE6BFFD1BD30AE6000C5478 /* ofxLabel.cpp */; settings = {ASSET_TAGS = (); }; };
		CEE6C00B1BD30AE6000C5478 /* ofxPanel.cpp in Sources */ = {isa = PBXBuildFile; fileRef = CEE6BFFF1BD30AE6000C5478 /* ofxPanel.cpp */; settings = {ASSET_TAGS = (); }; };
		CEE6C00C1BD30AE6000C5478 /* ofxSlider.cpp in Sources */ = {isa = PBXBuildFile; fileRef = CEE6C0011BD30AE6000C5478 /* ofxSlider.cpp */; settings = {ASSET_TAGS = (); }; };
		CEE6C00D1BD30AE6000C5478 /* ofxSliderGroup.cpp in Sources */ = {isa = PBXBuildFile; fileRef = CEE6C0031BD30AE6000C5478 /* ofxSliderGroup.cpp */; settings = {ASSET_TAGS = (); }; };
		CEE6C00E1BD30AE6000C5478 /* ofxToggle.cpp in Sources */ = {isa = PBXBuildFile; fileRef = CEE6C0051BD30AE6000C5478 /* ofxToggle.cpp */; settings = {ASSET_TAGS = (); }; };
		CEE6C0121BD43D87000C5478 /* Equip.cpp in Sources */ = {isa = PBXBuildFile; fileRef = CEE6C0101BD43D87000C5478 /* Equip.cpp */; settings = {ASSET_TAGS = (); }; };
		CEE6C0151BD47A97000C5478 /* EventLog.cpp in Sources */ = {isa = PBXBuildFile; fileRef = CEE6C0131BD47A97000C5478 /* EventLog.cpp */; settings = {ASSET_TAGS = (); }; };
		CEE6C01A1BD4903C000C5478 /* ActorEvent.cpp in Sources */ = {isa = PBXBuildFile; fileRef = CEE6C0181BD4903C000C5478 /* ActorEvent.cpp */; settings = {ASSET_TAGS = (); }; };
		CEE6C01E1BD4B951000C5478 /* CombatEvent.cpp in Sources */ = {isa = PBXBuildFile; fileRef = CEE6C01C1BD4B951000C5478 /* CombatEvent.cpp */; settings = {ASSET_TAGS = (); }; };
		CEF10E901BC62C6D00CDB768 /* Console.cpp in Sources */ = {isa = PBXBuildFile; fileRef = CEF10E8E1BC62C6D00CDB768 /* Console.cpp */; settings = {ASSET_TAGS = (); }; };
		E4328149138ABC9F0047C5CB /* openFrameworksDebug.a in Frameworks */ = {isa = PBXBuildFile; fileRef = E4328148138ABC890047C5CB /* openFrameworksDebug.a */; };
		E45BE97B0E8CC7DD009D7055 /* AGL.framework in Frameworks */ = {isa = PBXBuildFile; fileRef = E45BE9710E8CC7DD009D7055 /* AGL.framework */; };
		E45BE97C0E8CC7DD009D7055 /* ApplicationServices.framework in Frameworks */ = {isa = PBXBuildFile; fileRef = E45BE9720E8CC7DD009D7055 /* ApplicationServices.framework */; };
		E45BE97D0E8CC7DD009D7055 /* AudioToolbox.framework in Frameworks */ = {isa = PBXBuildFile; fileRef = E45BE9730E8CC7DD009D7055 /* AudioToolbox.framework */; };
		E45BE97F0E8CC7DD009D7055 /* CoreAudio.framework in Frameworks */ = {isa = PBXBuildFile; fileRef = E45BE9750E8CC7DD009D7055 /* CoreAudio.framework */; };
		E45BE9800E8CC7DD009D7055 /* CoreFoundation.framework in Frameworks */ = {isa = PBXBuildFile; fileRef = E45BE9760E8CC7DD009D7055 /* CoreFoundation.framework */; };
		E45BE9810E8CC7DD009D7055 /* CoreServices.framework in Frameworks */ = {isa = PBXBuildFile; fileRef = E45BE9770E8CC7DD009D7055 /* CoreServices.framework */; };
		E45BE9830E8CC7DD009D7055 /* OpenGL.framework in Frameworks */ = {isa = PBXBuildFile; fileRef = E45BE9790E8CC7DD009D7055 /* OpenGL.framework */; };
		E45BE9840E8CC7DD009D7055 /* QuickTime.framework in Frameworks */ = {isa = PBXBuildFile; fileRef = E45BE97A0E8CC7DD009D7055 /* QuickTime.framework */; };
		E4B69E200A3A1BDC003C02F2 /* main.cpp in Sources */ = {isa = PBXBuildFile; fileRef = E4B69E1D0A3A1BDC003C02F2 /* main.cpp */; };
		E4B69E210A3A1BDC003C02F2 /* Core.cpp in Sources */ = {isa = PBXBuildFile; fileRef = E4B69E1E0A3A1BDC003C02F2 /* Core.cpp */; };
		E4C2424710CC5A17004149E2 /* AppKit.framework in Frameworks */ = {isa = PBXBuildFile; fileRef = E4C2424410CC5A17004149E2 /* AppKit.framework */; };
		E4C2424810CC5A17004149E2 /* Cocoa.framework in Frameworks */ = {isa = PBXBuildFile; fileRef = E4C2424510CC5A17004149E2 /* Cocoa.framework */; };
		E4C2424910CC5A17004149E2 /* IOKit.framework in Frameworks */ = {isa = PBXBuildFile; fileRef = E4C2424610CC5A17004149E2 /* IOKit.framework */; };
		E4EB6799138ADC1D00A09F29 /* GLUT.framework in Frameworks */ = {isa = PBXBuildFile; fileRef = BBAB23BE13894E4700AA2426 /* GLUT.framework */; };
		E7E077E515D3B63C0020DFD4 /* CoreVideo.framework in Frameworks */ = {isa = PBXBuildFile; fileRef = E7E077E415D3B63C0020DFD4 /* CoreVideo.framework */; };
		E7E077E815D3B6510020DFD4 /* QTKit.framework in Frameworks */ = {isa = PBXBuildFile; fileRef = E7E077E715D3B6510020DFD4 /* QTKit.framework */; };
		E7F985F815E0DEA3003869B5 /* Accelerate.framework in Frameworks */ = {isa = PBXBuildFile; fileRef = E7F985F515E0DE99003869B5 /* Accelerate.framework */; };
/* End PBXBuildFile section */

/* Begin PBXContainerItemProxy section */
		E4328147138ABC890047C5CB /* PBXContainerItemProxy */ = {
			isa = PBXContainerItemProxy;
			containerPortal = E4328143138ABC890047C5CB /* openFrameworksLib.xcodeproj */;
			proxyType = 2;
			remoteGlobalIDString = E4B27C1510CBEB8E00536013;
			remoteInfo = openFrameworks;
		};
		E4EEB9AB138B136A00A80321 /* PBXContainerItemProxy */ = {
			isa = PBXContainerItemProxy;
			containerPortal = E4328143138ABC890047C5CB /* openFrameworksLib.xcodeproj */;
			proxyType = 1;
			remoteGlobalIDString = E4B27C1410CBEB8E00536013;
			remoteInfo = openFrameworks;
		};
/* End PBXContainerItemProxy section */

/* Begin PBXCopyFilesBuildPhase section */
		E4C2427710CC5ABF004149E2 /* CopyFiles */ = {
			isa = PBXCopyFilesBuildPhase;
			buildActionMask = 2147483647;
			dstPath = "";
			dstSubfolderSpec = 10;
			files = (
				BBAB23CB13894F3D00AA2426 /* GLUT.framework in CopyFiles */,
			);
			runOnlyForDeploymentPostprocessing = 0;
		};
/* End PBXCopyFilesBuildPhase section */

/* Begin PBXFileReference section */
		BBAB23BE13894E4700AA2426 /* GLUT.framework */ = {isa = PBXFileReference; lastKnownFileType = wrapper.framework; name = GLUT.framework; path = ../../../libs/glut/lib/osx/GLUT.framework; sourceTree = "<group>"; };
		CE117BA51BCCA8EC003DFD6A /* Serializer.cpp */ = {isa = PBXFileReference; fileEncoding = 4; lastKnownFileType = sourcecode.cpp.cpp; path = Serializer.cpp; sourceTree = "<group>"; };
		CE117BA61BCCA8EC003DFD6A /* Serializer.hpp */ = {isa = PBXFileReference; fileEncoding = 4; lastKnownFileType = sourcecode.cpp.h; path = Serializer.hpp; sourceTree = "<group>"; };
		CE117CCF1BCCE936003DFD6A /* MAlgae.h */ = {isa = PBXFileReference; fileEncoding = 4; lastKnownFileType = sourcecode.c.h; path = MAlgae.h; sourceTree = "<group>"; };
		CE117CD01BCCE936003DFD6A /* Material.h */ = {isa = PBXFileReference; fileEncoding = 4; lastKnownFileType = sourcecode.c.h; path = Material.h; sourceTree = "<group>"; };
		CE117CD11BCCE936003DFD6A /* Materials.cpp */ = {isa = PBXFileReference; fileEncoding = 4; lastKnownFileType = sourcecode.cpp.cpp; path = Materials.cpp; sourceTree = "<group>"; };
		CE117CD21BCCE936003DFD6A /* Materials.h */ = {isa = PBXFileReference; fileEncoding = 4; lastKnownFileType = sourcecode.c.h; path = Materials.h; sourceTree = "<group>"; };
		CE117CD31BCCE936003DFD6A /* MStoneFloor.h */ = {isa = PBXFileReference; fileEncoding = 4; lastKnownFileType = sourcecode.c.h; path = MStoneFloor.h; sourceTree = "<group>"; };
		CE117CD41BCCE936003DFD6A /* MStoneWall.h */ = {isa = PBXFileReference; fileEncoding = 4; lastKnownFileType = sourcecode.c.h; path = MStoneWall.h; sourceTree = "<group>"; };
		CE1338B41BCC741C00BD0D9D /* object.h */ = {isa = PBXFileReference; fileEncoding = 4; lastKnownFileType = sourcecode.c.h; path = object.h; sourceTree = "<group>"; };
		CE1338B51BCC741C00BD0D9D /* object.hpp */ = {isa = PBXFileReference; fileEncoding = 4; lastKnownFileType = sourcecode.cpp.h; path = object.hpp; sourceTree = "<group>"; };
		CE1338B61BCC741C00BD0D9D /* pack.h */ = {isa = PBXFileReference; fileEncoding = 4; lastKnownFileType = sourcecode.c.h; path = pack.h; sourceTree = "<group>"; };
		CE1338B71BCC741C00BD0D9D /* pack.hpp */ = {isa = PBXFileReference; fileEncoding = 4; lastKnownFileType = sourcecode.cpp.h; path = pack.hpp; sourceTree = "<group>"; };
		CE1338B81BCC741C00BD0D9D /* pack_define.h */ = {isa = PBXFileReference; fileEncoding = 4; lastKnownFileType = sourcecode.c.h; path = pack_define.h; sourceTree = "<group>"; };
		CE1338B91BCC741C00BD0D9D /* pack_template.h */ = {isa = PBXFileReference; fileEncoding = 4; lastKnownFileType = sourcecode.c.h; path = pack_template.h; sourceTree = "<group>"; };
		CE1338BA1BCC741C00BD0D9D /* sbuffer.h */ = {isa = PBXFileReference; fileEncoding = 4; lastKnownFileType = sourcecode.c.h; path = sbuffer.h; sourceTree = "<group>"; };
		CE1338BB1BCC741C00BD0D9D /* sbuffer.hpp */ = {isa = PBXFileReference; fileEncoding = 4; lastKnownFileType = sourcecode.cpp.h; path = sbuffer.hpp; sourceTree = "<group>"; };
		CE1338BC1BCC741C00BD0D9D /* sysdep.h */ = {isa = PBXFileReference; fileEncoding = 4; lastKnownFileType = sourcecode.c.h; path = sysdep.h; sourceTree = "<group>"; };
		CE1338BE1BCC741C00BD0D9D /* bool.hpp */ = {isa = PBXFileReference; fileEncoding = 4; lastKnownFileType = sourcecode.cpp.h; path = bool.hpp; sourceTree = "<group>"; };
		CE1338BF1BCC741C00BD0D9D /* define.hpp */ = {isa = PBXFileReference; fileEncoding = 4; lastKnownFileType = sourcecode.cpp.h; path = define.hpp; sourceTree = "<group>"; };
		CE1338C01BCC741C00BD0D9D /* deque.hpp */ = {isa = PBXFileReference; fileEncoding = 4; lastKnownFileType = sourcecode.cpp.h; path = deque.hpp; sourceTree = "<group>"; };
		CE1338C11BCC741C00BD0D9D /* fixint.hpp */ = {isa = PBXFileReference; fileEncoding = 4; lastKnownFileType = sourcecode.cpp.h; path = fixint.hpp; sourceTree = "<group>"; };
		CE1338C21BCC741C00BD0D9D /* float.hpp */ = {isa = PBXFileReference; fileEncoding = 4; lastKnownFileType = sourcecode.cpp.h; path = float.hpp; sourceTree = "<group>"; };
		CE1338C31BCC741C00BD0D9D /* int.hpp */ = {isa = PBXFileReference; fileEncoding = 4; lastKnownFileType = sourcecode.cpp.h; path = int.hpp; sourceTree = "<group>"; };
		CE1338C41BCC741C00BD0D9D /* list.hpp */ = {isa = PBXFileReference; fileEncoding = 4; lastKnownFileType = sourcecode.cpp.h; path = list.hpp; sourceTree = "<group>"; };
		CE1338C51BCC741C00BD0D9D /* map.hpp */ = {isa = PBXFileReference; fileEncoding = 4; lastKnownFileType = sourcecode.cpp.h; path = map.hpp; sourceTree = "<group>"; };
		CE1338C61BCC741C00BD0D9D /* nil.hpp */ = {isa = PBXFileReference; fileEncoding = 4; lastKnownFileType = sourcecode.cpp.h; path = nil.hpp; sourceTree = "<group>"; };
		CE1338C71BCC741C00BD0D9D /* pair.hpp */ = {isa = PBXFileReference; fileEncoding = 4; lastKnownFileType = sourcecode.cpp.h; path = pair.hpp; sourceTree = "<group>"; };
		CE1338C81BCC741C00BD0D9D /* raw.hpp */ = {isa = PBXFileReference; fileEncoding = 4; lastKnownFileType = sourcecode.cpp.h; path = raw.hpp; sourceTree = "<group>"; };
		CE1338C91BCC741C00BD0D9D /* set.hpp */ = {isa = PBXFileReference; fileEncoding = 4; lastKnownFileType = sourcecode.cpp.h; path = set.hpp; sourceTree = "<group>"; };
		CE1338CA1BCC741C00BD0D9D /* string.hpp */ = {isa = PBXFileReference; fileEncoding = 4; lastKnownFileType = sourcecode.cpp.h; path = string.hpp; sourceTree = "<group>"; };
		CE1338CC1BCC741C00BD0D9D /* unordered_map.hpp */ = {isa = PBXFileReference; fileEncoding = 4; lastKnownFileType = sourcecode.cpp.h; path = unordered_map.hpp; sourceTree = "<group>"; };
		CE1338CD1BCC741C00BD0D9D /* unordered_set.hpp */ = {isa = PBXFileReference; fileEncoding = 4; lastKnownFileType = sourcecode.cpp.h; path = unordered_set.hpp; sourceTree = "<group>"; };
		CE1338CE1BCC741C00BD0D9D /* tuple.hpp */ = {isa = PBXFileReference; fileEncoding = 4; lastKnownFileType = sourcecode.cpp.h; path = tuple.hpp; sourceTree = "<group>"; };
		CE1338CF1BCC741C00BD0D9D /* vector.hpp */ = {isa = PBXFileReference; fileEncoding = 4; lastKnownFileType = sourcecode.cpp.h; path = vector.hpp; sourceTree = "<group>"; };
		CE1338D01BCC741C00BD0D9D /* type.hpp */ = {isa = PBXFileReference; fileEncoding = 4; lastKnownFileType = sourcecode.cpp.h; path = type.hpp; sourceTree = "<group>"; };
		CE1338D11BCC741C00BD0D9D /* unpack.h */ = {isa = PBXFileReference; fileEncoding = 4; lastKnownFileType = sourcecode.c.h; path = unpack.h; sourceTree = "<group>"; };
		CE1338D21BCC741C00BD0D9D /* unpack.hpp */ = {isa = PBXFileReference; fileEncoding = 4; lastKnownFileType = sourcecode.cpp.h; path = unpack.hpp; sourceTree = "<group>"; };
		CE1338D31BCC741C00BD0D9D /* unpack_define.h */ = {isa = PBXFileReference; fileEncoding = 4; lastKnownFileType = sourcecode.c.h; path = unpack_define.h; sourceTree = "<group>"; };
		CE1338D41BCC741C00BD0D9D /* unpack_template.h */ = {isa = PBXFileReference; fileEncoding = 4; lastKnownFileType = sourcecode.c.h; path = unpack_template.h; sourceTree = "<group>"; };
		CE1338D51BCC741C00BD0D9D /* version.h */ = {isa = PBXFileReference; fileEncoding = 4; lastKnownFileType = sourcecode.c.h; path = version.h; sourceTree = "<group>"; };
		CE1338D61BCC741C00BD0D9D /* vrefbuffer.h */ = {isa = PBXFileReference; fileEncoding = 4; lastKnownFileType = sourcecode.c.h; path = vrefbuffer.h; sourceTree = "<group>"; };
		CE1338D71BCC741C00BD0D9D /* vrefbuffer.hpp */ = {isa = PBXFileReference; fileEncoding = 4; lastKnownFileType = sourcecode.cpp.h; path = vrefbuffer.hpp; sourceTree = "<group>"; };
		CE1338D81BCC741C00BD0D9D /* zbuffer.h */ = {isa = PBXFileReference; fileEncoding = 4; lastKnownFileType = sourcecode.c.h; path = zbuffer.h; sourceTree = "<group>"; };
		CE1338D91BCC741C00BD0D9D /* zbuffer.hpp */ = {isa = PBXFileReference; fileEncoding = 4; lastKnownFileType = sourcecode.cpp.h; path = zbuffer.hpp; sourceTree = "<group>"; };
		CE1338DA1BCC741C00BD0D9D /* zone.h */ = {isa = PBXFileReference; fileEncoding = 4; lastKnownFileType = sourcecode.c.h; path = zone.h; sourceTree = "<group>"; };
		CE1338DB1BCC741C00BD0D9D /* zone.hpp */ = {isa = PBXFileReference; fileEncoding = 4; lastKnownFileType = sourcecode.cpp.h; path = zone.hpp; sourceTree = "<group>"; };
		CE1338DC1BCC741C00BD0D9D /* msgpack.h */ = {isa = PBXFileReference; fileEncoding = 4; lastKnownFileType = sourcecode.c.h; path = msgpack.h; sourceTree = "<group>"; };
		CE1338DD1BCC741C00BD0D9D /* msgpack.hpp */ = {isa = PBXFileReference; fileEncoding = 4; lastKnownFileType = sourcecode.cpp.h; path = msgpack.hpp; sourceTree = "<group>"; };
		CE1338DF1BCC742400BD0D9D /* ofxMsgPacker.h */ = {isa = PBXFileReference; fileEncoding = 4; lastKnownFileType = sourcecode.c.h; path = ofxMsgPacker.h; sourceTree = "<group>"; };
		CE1338E01BCC742400BD0D9D /* ofxMsgUnPacker.h */ = {isa = PBXFileReference; fileEncoding = 4; lastKnownFileType = sourcecode.c.h; path = ofxMsgUnPacker.h; sourceTree = "<group>"; };
		CE2CD48A1BC2FDC9000014AC /* Map.cpp */ = {isa = PBXFileReference; fileEncoding = 4; lastKnownFileType = sourcecode.cpp.cpp; path = Map.cpp; sourceTree = "<group>"; };
		CE2CD48B1BC2FDC9000014AC /* Map.h */ = {isa = PBXFileReference; fileEncoding = 4; lastKnownFileType = sourcecode.c.h; path = Map.h; sourceTree = "<group>"; };
		CE2CD4901BC369F6000014AC /* AStar.cpp */ = {isa = PBXFileReference; fileEncoding = 4; lastKnownFileType = sourcecode.cpp.cpp; path = AStar.cpp; sourceTree = "<group>"; };
		CE2CD4911BC369F6000014AC /* AStar.h */ = {isa = PBXFileReference; fileEncoding = 4; lastKnownFileType = sourcecode.c.h; path = AStar.h; sourceTree = "<group>"; };
		CE525D081BD5DB6B0028DDB9 /* VFX.cpp */ = {isa = PBXFileReference; fileEncoding = 4; lastKnownFileType = sourcecode.cpp.cpp; path = VFX.cpp; sourceTree = "<group>"; };
		CE525D091BD5DB6B0028DDB9 /* VFX.hpp */ = {isa = PBXFileReference; fileEncoding = 4; lastKnownFileType = sourcecode.cpp.h; path = VFX.hpp; sourceTree = "<group>"; };
		CE6A566B1BD06798007C8BBC /* Weapon.h */ = {isa = PBXFileReference; fileEncoding = 4; lastKnownFileType = sourcecode.c.h; path = Weapon.h; sourceTree = "<group>"; };
		CEB05CB41BC553F4008343B3 /* Defines.h */ = {isa = PBXFileReference; fileEncoding = 4; lastKnownFileType = sourcecode.c.h; path = Defines.h; sourceTree = "<group>"; };
		CEB9D1F41BCC52C7003FC036 /* ObjectFactory.cpp */ = {isa = PBXFileReference; fileEncoding = 4; lastKnownFileType = sourcecode.cpp.cpp; path = ObjectFactory.cpp; sourceTree = "<group>"; };
		CEB9D1F51BCC52C7003FC036 /* ObjectFactory.h */ = {isa = PBXFileReference; fileEncoding = 4; lastKnownFileType = sourcecode.c.h; path = ObjectFactory.h; sourceTree = "<group>"; };
		CEBB0E061BC2FD7A007948D9 /* Delaunay.cpp */ = {isa = PBXFileReference; fileEncoding = 4; lastKnownFileType = sourcecode.cpp.cpp; path = Delaunay.cpp; sourceTree = "<group>"; };
		CEBB0E071BC2FD7A007948D9 /* Delaunay.h */ = {isa = PBXFileReference; fileEncoding = 4; lastKnownFileType = sourcecode.c.h; path = Delaunay.h; sourceTree = "<group>"; };
		CEBB0E091BC2FD7A007948D9 /* ofxDelaunay.cpp */ = {isa = PBXFileReference; fileEncoding = 4; lastKnownFileType = sourcecode.cpp.cpp; path = ofxDelaunay.cpp; sourceTree = "<group>"; };
		CEBB0E0A1BC2FD7A007948D9 /* ofxDelaunay.h */ = {isa = PBXFileReference; fileEncoding = 4; lastKnownFileType = sourcecode.c.h; path = ofxDelaunay.h; sourceTree = "<group>"; };
		CEBD73051BC5596C003B1D7D /* Engine.cpp */ = {isa = PBXFileReference; fileEncoding = 4; lastKnownFileType = sourcecode.cpp.cpp; path = Engine.cpp; sourceTree = "<group>"; };
		CEBD73061BC5596C003B1D7D /* Engine.h */ = {isa = PBXFileReference; fileEncoding = 4; lastKnownFileType = sourcecode.c.h; path = Engine.h; sourceTree = "<group>"; };
		CEC129861BDA993D002F23B4 /* MLightDirt.h */ = {isa = PBXFileReference; fileEncoding = 4; lastKnownFileType = sourcecode.c.h; path = MLightDirt.h; sourceTree = "<group>"; };
		CEC129871BDA9B6D002F23B4 /* MStoneRubble.h */ = {isa = PBXFileReference; lastKnownFileType = sourcecode.c.h; path = MStoneRubble.h; sourceTree = "<group>"; };
		CED065F61BDB0DEE00BF9746 /* Orc.cpp */ = {isa = PBXFileReference; fileEncoding = 4; lastKnownFileType = sourcecode.cpp.cpp; path = Orc.cpp; sourceTree = "<group>"; };
		CED065F71BDB0DEE00BF9746 /* Orc.h */ = {isa = PBXFileReference; fileEncoding = 4; lastKnownFileType = sourcecode.c.h; path = Orc.h; sourceTree = "<group>"; };
		CED065F91BDBB31700BF9746 /* StateMachine.h */ = {isa = PBXFileReference; lastKnownFileType = sourcecode.c.h; path = StateMachine.h; sourceTree = "<group>"; };
		CED0B15D1BC76F4700FD1361 /* Menu.cpp */ = {isa = PBXFileReference; fileEncoding = 4; lastKnownFileType = sourcecode.cpp.cpp; path = Menu.cpp; sourceTree = "<group>"; };
		CED0B15E1BC76F4700FD1361 /* Menu.h */ = {isa = PBXFileReference; fileEncoding = 4; lastKnownFileType = sourcecode.c.h; path = Menu.h; sourceTree = "<group>"; };
		CED1B7CA1BD9C31A00A84E63 /* Dialog.cpp */ = {isa = PBXFileReference; fileEncoding = 4; lastKnownFileType = sourcecode.cpp.cpp; path = Dialog.cpp; sourceTree = "<group>"; };
		CED1B7CB1BD9C31A00A84E63 /* Dialog.hpp */ = {isa = PBXFileReference; fileEncoding = 4; lastKnownFileType = sourcecode.cpp.h; path = Dialog.hpp; sourceTree = "<group>"; };
		CED1B7CD1BD9CB6500A84E63 /* Magician.cpp */ = {isa = PBXFileReference; fileEncoding = 4; lastKnownFileType = sourcecode.cpp.cpp; path = Magician.cpp; sourceTree = "<group>"; };
		CED1B7CE1BD9CB6500A84E63 /* Magician.hpp */ = {isa = PBXFileReference; fileEncoding = 4; lastKnownFileType = sourcecode.cpp.h; path = Magician.hpp; sourceTree = "<group>"; };
		CEDB24151BCE0BE800D8CBE4 /* Paint.cpp */ = {isa = PBXFileReference; fileEncoding = 4; lastKnownFileType = sourcecode.cpp.cpp; path = Paint.cpp; sourceTree = "<group>"; };
		CEDB24161BCE0BE800D8CBE4 /* Paint.h */ = {isa = PBXFileReference; fileEncoding = 4; lastKnownFileType = sourcecode.c.h; path = Paint.h; sourceTree = "<group>"; };
		CEDB24191BCECA8400D8CBE4 /* Inspect.h */ = {isa = PBXFileReference; fileEncoding = 4; lastKnownFileType = sourcecode.c.h; path = Inspect.h; sourceTree = "<group>"; };
		CEDB241A1BCECAC900D8CBE4 /* Inspect.cpp */ = {isa = PBXFileReference; fileEncoding = 4; lastKnownFileType = sourcecode.cpp.cpp; path = Inspect.cpp; sourceTree = "<group>"; };
		CEDB241C1BCEF46500D8CBE4 /* Actor.cpp */ = {isa = PBXFileReference; fileEncoding = 4; lastKnownFileType = sourcecode.cpp.cpp; path = Actor.cpp; sourceTree = "<group>"; };
		CEDB241D1BCEF46500D8CBE4 /* Actor.h */ = {isa = PBXFileReference; fileEncoding = 4; lastKnownFileType = sourcecode.c.h; path = Actor.h; sourceTree = "<group>"; };
		CEDB24221BCEF53300D8CBE4 /* Kobold.cpp */ = {isa = PBXFileReference; fileEncoding = 4; lastKnownFileType = sourcecode.cpp.cpp; path = Kobold.cpp; sourceTree = "<group>"; };
		CEDB24231BCEF53300D8CBE4 /* Kobold.h */ = {isa = PBXFileReference; fileEncoding = 4; lastKnownFileType = sourcecode.c.h; path = Kobold.h; sourceTree = "<group>"; };
		CEDB24251BCEFAFF00D8CBE4 /* Player.cpp */ = {isa = PBXFileReference; fileEncoding = 4; lastKnownFileType = sourcecode.cpp.cpp; path = Player.cpp; sourceTree = "<group>"; };
		CEDB24261BCEFAFF00D8CBE4 /* Player.h */ = {isa = PBXFileReference; fileEncoding = 4; lastKnownFileType = sourcecode.c.h; path = Player.h; sourceTree = "<group>"; };
		CEDB24291BCF80B600D8CBE4 /* FSM.h */ = {isa = PBXFileReference; fileEncoding = 4; lastKnownFileType = sourcecode.c.h; path = FSM.h; sourceTree = "<group>"; };
		CEDB242A1BCF811200D8CBE4 /* ofVec4i.h */ = {isa = PBXFileReference; fileEncoding = 4; lastKnownFileType = sourcecode.c.h; path = ofVec4i.h; sourceTree = "<group>"; };
		CEDB242B1BCF816C00D8CBE4 /* ofVec2i.h */ = {isa = PBXFileReference; fileEncoding = 4; lastKnownFileType = sourcecode.c.h; path = ofVec2i.h; sourceTree = "<group>"; };
		CEDE6B3D1BD7F9A10041FF0B /* Dijkstra.cpp */ = {isa = PBXFileReference; fileEncoding = 4; lastKnownFileType = sourcecode.cpp.cpp; path = Dijkstra.cpp; sourceTree = "<group>"; };
		CEDE6B3E1BD7F9A10041FF0B /* Dijkstra.hpp */ = {isa = PBXFileReference; fileEncoding = 4; lastKnownFileType = sourcecode.cpp.h; path = Dijkstra.hpp; sourceTree = "<group>"; };
		CEE6BFEA1BD24B61000C5478 /* Weapon.cpp */ = {isa = PBXFileReference; fileEncoding = 4; lastKnownFileType = sourcecode.cpp.cpp; path = Weapon.cpp; sourceTree = "<group>"; };
		CEE6BFEC1BD24C91000C5478 /* Item.h */ = {isa = PBXFileReference; fileEncoding = 4; lastKnownFileType = sourcecode.c.h; path = Item.h; sourceTree = "<group>"; };
		CEE6BFED1BD24CAD000C5478 /* Item.cpp */ = {isa = PBXFileReference; fileEncoding = 4; lastKnownFileType = sourcecode.cpp.cpp; path = Item.cpp; sourceTree = "<group>"; };
		CEE6BFEF1BD2CA75000C5478 /* MapData.h */ = {isa = PBXFileReference; fileEncoding = 4; lastKnownFileType = sourcecode.c.h; path = MapData.h; sourceTree = "<group>"; };
		CEE6BFF01BD2CC15000C5478 /* MapData.cpp */ = {isa = PBXFileReference; fileEncoding = 4; lastKnownFileType = sourcecode.cpp.cpp; path = MapData.cpp; sourceTree = "<group>"; };
		CEE6BFF21BD2DE7B000C5478 /* MGreenGrass.h */ = {isa = PBXFileReference; fileEncoding = 4; lastKnownFileType = sourcecode.c.h; path = MGreenGrass.h; sourceTree = "<group>"; };
		CEE6BFF61BD30AE6000C5478 /* ofxBaseGui.cpp */ = {isa = PBXFileReference; fileEncoding = 4; lastKnownFileType = sourcecode.cpp.cpp; path = ofxBaseGui.cpp; sourceTree = "<group>"; };
		CEE6BFF71BD30AE6000C5478 /* ofxBaseGui.h */ = {isa = PBXFileReference; fileEncoding = 4; lastKnownFileType = sourcecode.c.h; path = ofxBaseGui.h; sourceTree = "<group>"; };
		CEE6BFF81BD30AE6000C5478 /* ofxButton.cpp */ = {isa = PBXFileReference; fileEncoding = 4; lastKnownFileType = sourcecode.cpp.cpp; path = ofxButton.cpp; sourceTree = "<group>"; };
		CEE6BFF91BD30AE6000C5478 /* ofxButton.h */ = {isa = PBXFileReference; fileEncoding = 4; lastKnownFileType = sourcecode.c.h; path = ofxButton.h; sourceTree = "<group>"; };
		CEE6BFFA1BD30AE6000C5478 /* ofxGui.h */ = {isa = PBXFileReference; fileEncoding = 4; lastKnownFileType = sourcecode.c.h; path = ofxGui.h; sourceTree = "<group>"; };
		CEE6BFFB1BD30AE6000C5478 /* ofxGuiGroup.cpp */ = {isa = PBXFileReference; fileEncoding = 4; lastKnownFileType = sourcecode.cpp.cpp; path = ofxGuiGroup.cpp; sourceTree = "<group>"; };
		CEE6BFFC1BD30AE6000C5478 /* ofxGuiGroup.h */ = {isa = PBXFileReference; fileEncoding = 4; lastKnownFileType = sourcecode.c.h; path = ofxGuiGroup.h; sourceTree = "<group>"; };
		CEE6BFFD1BD30AE6000C5478 /* ofxLabel.cpp */ = {isa = PBXFileReference; fileEncoding = 4; lastKnownFileType = sourcecode.cpp.cpp; path = ofxLabel.cpp; sourceTree = "<group>"; };
		CEE6BFFE1BD30AE6000C5478 /* ofxLabel.h */ = {isa = PBXFileReference; fileEncoding = 4; lastKnownFileType = sourcecode.c.h; path = ofxLabel.h; sourceTree = "<group>"; };
		CEE6BFFF1BD30AE6000C5478 /* ofxPanel.cpp */ = {isa = PBXFileReference; fileEncoding = 4; lastKnownFileType = sourcecode.cpp.cpp; path = ofxPanel.cpp; sourceTree = "<group>"; };
		CEE6C0001BD30AE6000C5478 /* ofxPanel.h */ = {isa = PBXFileReference; fileEncoding = 4; lastKnownFileType = sourcecode.c.h; path = ofxPanel.h; sourceTree = "<group>"; };
		CEE6C0011BD30AE6000C5478 /* ofxSlider.cpp */ = {isa = PBXFileReference; fileEncoding = 4; lastKnownFileType = sourcecode.cpp.cpp; path = ofxSlider.cpp; sourceTree = "<group>"; };
		CEE6C0021BD30AE6000C5478 /* ofxSlider.h */ = {isa = PBXFileReference; fileEncoding = 4; lastKnownFileType = sourcecode.c.h; path = ofxSlider.h; sourceTree = "<group>"; };
		CEE6C0031BD30AE6000C5478 /* ofxSliderGroup.cpp */ = {isa = PBXFileReference; fileEncoding = 4; lastKnownFileType = sourcecode.cpp.cpp; path = ofxSliderGroup.cpp; sourceTree = "<group>"; };
		CEE6C0041BD30AE6000C5478 /* ofxSliderGroup.h */ = {isa = PBXFileReference; fileEncoding = 4; lastKnownFileType = sourcecode.c.h; path = ofxSliderGroup.h; sourceTree = "<group>"; };
		CEE6C0051BD30AE6000C5478 /* ofxToggle.cpp */ = {isa = PBXFileReference; fileEncoding = 4; lastKnownFileType = sourcecode.cpp.cpp; path = ofxToggle.cpp; sourceTree = "<group>"; };
		CEE6C0061BD30AE6000C5478 /* ofxToggle.h */ = {isa = PBXFileReference; fileEncoding = 4; lastKnownFileType = sourcecode.c.h; path = ofxToggle.h; sourceTree = "<group>"; };
		CEE6C00F1BD327DF000C5478 /* MDenseForest.h */ = {isa = PBXFileReference; fileEncoding = 4; lastKnownFileType = sourcecode.c.h; path = MDenseForest.h; sourceTree = "<group>"; };
		CEE6C0101BD43D87000C5478 /* Equip.cpp */ = {isa = PBXFileReference; fileEncoding = 4; lastKnownFileType = sourcecode.cpp.cpp; path = Equip.cpp; sourceTree = "<group>"; };
		CEE6C0111BD43D87000C5478 /* Equip.h */ = {isa = PBXFileReference; fileEncoding = 4; lastKnownFileType = sourcecode.c.h; path = Equip.h; sourceTree = "<group>"; };
		CEE6C0131BD47A97000C5478 /* EventLog.cpp */ = {isa = PBXFileReference; fileEncoding = 4; lastKnownFileType = sourcecode.cpp.cpp; path = EventLog.cpp; sourceTree = "<group>"; };
		CEE6C0141BD47A97000C5478 /* EventLog.h */ = {isa = PBXFileReference; fileEncoding = 4; lastKnownFileType = sourcecode.c.h; path = EventLog.h; sourceTree = "<group>"; };
		CEE6C0181BD4903C000C5478 /* ActorEvent.cpp */ = {isa = PBXFileReference; fileEncoding = 4; lastKnownFileType = sourcecode.cpp.cpp; path = ActorEvent.cpp; sourceTree = "<group>"; };
		CEE6C0191BD4903C000C5478 /* ActorEvent.h */ = {isa = PBXFileReference; fileEncoding = 4; lastKnownFileType = sourcecode.c.h; path = ActorEvent.h; sourceTree = "<group>"; };
		CEE6C01C1BD4B951000C5478 /* CombatEvent.cpp */ = {isa = PBXFileReference; fileEncoding = 4; lastKnownFileType = sourcecode.cpp.cpp; path = CombatEvent.cpp; sourceTree = "<group>"; };
		CEE6C01D1BD4B951000C5478 /* CombatEvent.h */ = {isa = PBXFileReference; fileEncoding = 4; lastKnownFileType = sourcecode.c.h; path = CombatEvent.h; sourceTree = "<group>"; };
		CEF10E8E1BC62C6D00CDB768 /* Console.cpp */ = {isa = PBXFileReference; fileEncoding = 4; lastKnownFileType = sourcecode.cpp.cpp; path = Console.cpp; sourceTree = "<group>"; };
		CEF10E8F1BC62C6D00CDB768 /* Console.h */ = {isa = PBXFileReference; fileEncoding = 4; lastKnownFileType = sourcecode.c.h; path = Console.h; sourceTree = "<group>"; };
		CEFCE5951BBF55CB00D68A81 /* s.frag */ = {isa = PBXFileReference; lastKnownFileType = sourcecode.glsl; name = s.frag; path = bin/data/shaders/s.frag; sourceTree = SOURCE_ROOT; };
		CEFCE5961BBF55CB00D68A81 /* s.vert */ = {isa = PBXFileReference; lastKnownFileType = sourcecode.glsl; name = s.vert; path = bin/data/shaders/s.vert; sourceTree = SOURCE_ROOT; };
		E4328143138ABC890047C5CB /* openFrameworksLib.xcodeproj */ = {isa = PBXFileReference; lastKnownFileType = "wrapper.pb-project"; name = openFrameworksLib.xcodeproj; path = ../../../libs/openFrameworksCompiled/project/osx/openFrameworksLib.xcodeproj; sourceTree = SOURCE_ROOT; };
		E45BE9710E8CC7DD009D7055 /* AGL.framework */ = {isa = PBXFileReference; lastKnownFileType = wrapper.framework; name = AGL.framework; path = /System/Library/Frameworks/AGL.framework; sourceTree = "<absolute>"; };
		E45BE9720E8CC7DD009D7055 /* ApplicationServices.framework */ = {isa = PBXFileReference; lastKnownFileType = wrapper.framework; name = ApplicationServices.framework; path = /System/Library/Frameworks/ApplicationServices.framework; sourceTree = "<absolute>"; };
		E45BE9730E8CC7DD009D7055 /* AudioToolbox.framework */ = {isa = PBXFileReference; lastKnownFileType = wrapper.framework; name = AudioToolbox.framework; path = /System/Library/Frameworks/AudioToolbox.framework; sourceTree = "<absolute>"; };
		E45BE9750E8CC7DD009D7055 /* CoreAudio.framework */ = {isa = PBXFileReference; lastKnownFileType = wrapper.framework; name = CoreAudio.framework; path = /System/Library/Frameworks/CoreAudio.framework; sourceTree = "<absolute>"; };
		E45BE9760E8CC7DD009D7055 /* CoreFoundation.framework */ = {isa = PBXFileReference; lastKnownFileType = wrapper.framework; name = CoreFoundation.framework; path = /System/Library/Frameworks/CoreFoundation.framework; sourceTree = "<absolute>"; };
		E45BE9770E8CC7DD009D7055 /* CoreServices.framework */ = {isa = PBXFileReference; lastKnownFileType = wrapper.framework; name = CoreServices.framework; path = /System/Library/Frameworks/CoreServices.framework; sourceTree = "<absolute>"; };
		E45BE9790E8CC7DD009D7055 /* OpenGL.framework */ = {isa = PBXFileReference; lastKnownFileType = wrapper.framework; name = OpenGL.framework; path = /System/Library/Frameworks/OpenGL.framework; sourceTree = "<absolute>"; };
		E45BE97A0E8CC7DD009D7055 /* QuickTime.framework */ = {isa = PBXFileReference; lastKnownFileType = wrapper.framework; name = QuickTime.framework; path = /System/Library/Frameworks/QuickTime.framework; sourceTree = "<absolute>"; };
		E4B69B5B0A3A1756003C02F2 /* matadorDebug.app */ = {isa = PBXFileReference; explicitFileType = wrapper.application; includeInIndex = 0; path = matadorDebug.app; sourceTree = BUILT_PRODUCTS_DIR; };
		E4B69E1D0A3A1BDC003C02F2 /* main.cpp */ = {isa = PBXFileReference; fileEncoding = 30; lastKnownFileType = sourcecode.cpp.cpp; name = main.cpp; path = src/main.cpp; sourceTree = SOURCE_ROOT; };
		E4B69E1E0A3A1BDC003C02F2 /* Core.cpp */ = {isa = PBXFileReference; explicitFileType = sourcecode.cpp.cpp; fileEncoding = 30; name = Core.cpp; path = src/Core.cpp; sourceTree = SOURCE_ROOT; };
		E4B69E1F0A3A1BDC003C02F2 /* Core.h */ = {isa = PBXFileReference; fileEncoding = 30; lastKnownFileType = sourcecode.c.h; name = Core.h; path = src/Core.h; sourceTree = SOURCE_ROOT; };
		E4B6FCAD0C3E899E008CF71C /* openFrameworks-Info.plist */ = {isa = PBXFileReference; fileEncoding = 30; lastKnownFileType = text.plist.xml; path = "openFrameworks-Info.plist"; sourceTree = "<group>"; };
		E4C2424410CC5A17004149E2 /* AppKit.framework */ = {isa = PBXFileReference; lastKnownFileType = wrapper.framework; name = AppKit.framework; path = /System/Library/Frameworks/AppKit.framework; sourceTree = "<absolute>"; };
		E4C2424510CC5A17004149E2 /* Cocoa.framework */ = {isa = PBXFileReference; lastKnownFileType = wrapper.framework; name = Cocoa.framework; path = /System/Library/Frameworks/Cocoa.framework; sourceTree = "<absolute>"; };
		E4C2424610CC5A17004149E2 /* IOKit.framework */ = {isa = PBXFileReference; lastKnownFileType = wrapper.framework; name = IOKit.framework; path = /System/Library/Frameworks/IOKit.framework; sourceTree = "<absolute>"; };
		E4EB691F138AFCF100A09F29 /* CoreOF.xcconfig */ = {isa = PBXFileReference; fileEncoding = 4; lastKnownFileType = text.xcconfig; name = CoreOF.xcconfig; path = ../../../libs/openFrameworksCompiled/project/osx/CoreOF.xcconfig; sourceTree = SOURCE_ROOT; };
		E4EB6923138AFD0F00A09F29 /* Project.xcconfig */ = {isa = PBXFileReference; fileEncoding = 4; lastKnownFileType = text.xcconfig; path = Project.xcconfig; sourceTree = "<group>"; };
		E7E077E415D3B63C0020DFD4 /* CoreVideo.framework */ = {isa = PBXFileReference; lastKnownFileType = wrapper.framework; name = CoreVideo.framework; path = /System/Library/Frameworks/CoreVideo.framework; sourceTree = "<absolute>"; };
		E7E077E715D3B6510020DFD4 /* QTKit.framework */ = {isa = PBXFileReference; lastKnownFileType = wrapper.framework; name = QTKit.framework; path = /System/Library/Frameworks/QTKit.framework; sourceTree = "<absolute>"; };
		E7F985F515E0DE99003869B5 /* Accelerate.framework */ = {isa = PBXFileReference; lastKnownFileType = wrapper.framework; name = Accelerate.framework; path = /System/Library/Frameworks/Accelerate.framework; sourceTree = "<absolute>"; };
/* End PBXFileReference section */

/* Begin PBXFrameworksBuildPhase section */
		E4B69B590A3A1756003C02F2 /* Frameworks */ = {
			isa = PBXFrameworksBuildPhase;
			buildActionMask = 2147483647;
			files = (
				E7F985F815E0DEA3003869B5 /* Accelerate.framework in Frameworks */,
				E7E077E815D3B6510020DFD4 /* QTKit.framework in Frameworks */,
				E4EB6799138ADC1D00A09F29 /* GLUT.framework in Frameworks */,
				E4328149138ABC9F0047C5CB /* openFrameworksDebug.a in Frameworks */,
				E45BE97B0E8CC7DD009D7055 /* AGL.framework in Frameworks */,
				E45BE97C0E8CC7DD009D7055 /* ApplicationServices.framework in Frameworks */,
				E45BE97D0E8CC7DD009D7055 /* AudioToolbox.framework in Frameworks */,
				E45BE97F0E8CC7DD009D7055 /* CoreAudio.framework in Frameworks */,
				E45BE9800E8CC7DD009D7055 /* CoreFoundation.framework in Frameworks */,
				E45BE9810E8CC7DD009D7055 /* CoreServices.framework in Frameworks */,
				E45BE9830E8CC7DD009D7055 /* OpenGL.framework in Frameworks */,
				E45BE9840E8CC7DD009D7055 /* QuickTime.framework in Frameworks */,
				E4C2424710CC5A17004149E2 /* AppKit.framework in Frameworks */,
				E4C2424810CC5A17004149E2 /* Cocoa.framework in Frameworks */,
				E4C2424910CC5A17004149E2 /* IOKit.framework in Frameworks */,
				E7E077E515D3B63C0020DFD4 /* CoreVideo.framework in Frameworks */,
			);
			runOnlyForDeploymentPostprocessing = 0;
		};
/* End PBXFrameworksBuildPhase section */

/* Begin PBXGroup section */
		BB4B014C10F69532006C3DED /* addons */ = {
			isa = PBXGroup;
			children = (
				CEE6BFF41BD30AE6000C5478 /* ofxGui */,
				CE1338B11BCC740A00BD0D9D /* ofxMessagePack */,
				CEBB0E021BC2FD7A007948D9 /* ofxDelaunay */,
			);
			name = addons;
			sourceTree = "<group>";
		};
		BBAB23C913894ECA00AA2426 /* system frameworks */ = {
			isa = PBXGroup;
			children = (
				E7F985F515E0DE99003869B5 /* Accelerate.framework */,
				E4C2424410CC5A17004149E2 /* AppKit.framework */,
				E4C2424510CC5A17004149E2 /* Cocoa.framework */,
				E4C2424610CC5A17004149E2 /* IOKit.framework */,
				E45BE9710E8CC7DD009D7055 /* AGL.framework */,
				E45BE9720E8CC7DD009D7055 /* ApplicationServices.framework */,
				E45BE9730E8CC7DD009D7055 /* AudioToolbox.framework */,
				E45BE9750E8CC7DD009D7055 /* CoreAudio.framework */,
				E45BE9760E8CC7DD009D7055 /* CoreFoundation.framework */,
				E45BE9770E8CC7DD009D7055 /* CoreServices.framework */,
				E45BE9790E8CC7DD009D7055 /* OpenGL.framework */,
				E45BE97A0E8CC7DD009D7055 /* QuickTime.framework */,
				E7E077E415D3B63C0020DFD4 /* CoreVideo.framework */,
				E7E077E715D3B6510020DFD4 /* QTKit.framework */,
			);
			name = "system frameworks";
			sourceTree = "<group>";
		};
		BBAB23CA13894EDB00AA2426 /* 3rd party frameworks */ = {
			isa = PBXGroup;
			children = (
				BBAB23BE13894E4700AA2426 /* GLUT.framework */,
			);
			name = "3rd party frameworks";
			sourceTree = "<group>";
		};
		CE117CCE1BCCE923003DFD6A /* Materials */ = {
			isa = PBXGroup;
			children = (
				CE117CD01BCCE936003DFD6A /* Material.h */,
				CE117CD11BCCE936003DFD6A /* Materials.cpp */,
				CE117CD21BCCE936003DFD6A /* Materials.h */,
				CE117CD31BCCE936003DFD6A /* MStoneFloor.h */,
				CEC129871BDA9B6D002F23B4 /* MStoneRubble.h */,
				CE117CD41BCCE936003DFD6A /* MStoneWall.h */,
				CEE6BFF21BD2DE7B000C5478 /* MGreenGrass.h */,
				CEC129861BDA993D002F23B4 /* MLightDirt.h */,
				CEE6C00F1BD327DF000C5478 /* MDenseForest.h */,
				CE117CCF1BCCE936003DFD6A /* MAlgae.h */,
			);
			name = Materials;
			sourceTree = "<group>";
		};
		CE1338B11BCC740A00BD0D9D /* ofxMessagePack */ = {
			isa = PBXGroup;
			children = (
				CE1338DE1BCC742400BD0D9D /* src */,
				CE1338B21BCC741C00BD0D9D /* include */,
			);
			name = ofxMessagePack;
			sourceTree = "<group>";
		};
		CE1338B21BCC741C00BD0D9D /* include */ = {
			isa = PBXGroup;
			children = (
				CE1338B31BCC741C00BD0D9D /* msgpack */,
				CE1338DC1BCC741C00BD0D9D /* msgpack.h */,
				CE1338DD1BCC741C00BD0D9D /* msgpack.hpp */,
			);
			name = include;
			path = ../../../addons/ofxMessagePack/include;
			sourceTree = "<group>";
		};
		CE1338B31BCC741C00BD0D9D /* msgpack */ = {
			isa = PBXGroup;
			children = (
				CE1338B41BCC741C00BD0D9D /* object.h */,
				CE1338B51BCC741C00BD0D9D /* object.hpp */,
				CE1338B61BCC741C00BD0D9D /* pack.h */,
				CE1338B71BCC741C00BD0D9D /* pack.hpp */,
				CE1338B81BCC741C00BD0D9D /* pack_define.h */,
				CE1338B91BCC741C00BD0D9D /* pack_template.h */,
				CE1338BA1BCC741C00BD0D9D /* sbuffer.h */,
				CE1338BB1BCC741C00BD0D9D /* sbuffer.hpp */,
				CE1338BC1BCC741C00BD0D9D /* sysdep.h */,
				CE1338BD1BCC741C00BD0D9D /* type */,
				CE1338D01BCC741C00BD0D9D /* type.hpp */,
				CE1338D11BCC741C00BD0D9D /* unpack.h */,
				CE1338D21BCC741C00BD0D9D /* unpack.hpp */,
				CE1338D31BCC741C00BD0D9D /* unpack_define.h */,
				CE1338D41BCC741C00BD0D9D /* unpack_template.h */,
				CE1338D51BCC741C00BD0D9D /* version.h */,
				CE1338D61BCC741C00BD0D9D /* vrefbuffer.h */,
				CE1338D71BCC741C00BD0D9D /* vrefbuffer.hpp */,
				CE1338D81BCC741C00BD0D9D /* zbuffer.h */,
				CE1338D91BCC741C00BD0D9D /* zbuffer.hpp */,
				CE1338DA1BCC741C00BD0D9D /* zone.h */,
				CE1338DB1BCC741C00BD0D9D /* zone.hpp */,
			);
			path = msgpack;
			sourceTree = "<group>";
		};
		CE1338BD1BCC741C00BD0D9D /* type */ = {
			isa = PBXGroup;
			children = (
				CE1338BE1BCC741C00BD0D9D /* bool.hpp */,
				CE1338BF1BCC741C00BD0D9D /* define.hpp */,
				CE1338C01BCC741C00BD0D9D /* deque.hpp */,
				CE1338C11BCC741C00BD0D9D /* fixint.hpp */,
				CE1338C21BCC741C00BD0D9D /* float.hpp */,
				CE1338C31BCC741C00BD0D9D /* int.hpp */,
				CE1338C41BCC741C00BD0D9D /* list.hpp */,
				CE1338C51BCC741C00BD0D9D /* map.hpp */,
				CE1338C61BCC741C00BD0D9D /* nil.hpp */,
				CE1338C71BCC741C00BD0D9D /* pair.hpp */,
				CE1338C81BCC741C00BD0D9D /* raw.hpp */,
				CE1338C91BCC741C00BD0D9D /* set.hpp */,
				CE1338CA1BCC741C00BD0D9D /* string.hpp */,
				CE1338CB1BCC741C00BD0D9D /* tr1 */,
				CE1338CE1BCC741C00BD0D9D /* tuple.hpp */,
				CE1338CF1BCC741C00BD0D9D /* vector.hpp */,
			);
			path = type;
			sourceTree = "<group>";
		};
		CE1338CB1BCC741C00BD0D9D /* tr1 */ = {
			isa = PBXGroup;
			children = (
				CE1338CC1BCC741C00BD0D9D /* unordered_map.hpp */,
				CE1338CD1BCC741C00BD0D9D /* unordered_set.hpp */,
			);
			path = tr1;
			sourceTree = "<group>";
		};
		CE1338DE1BCC742400BD0D9D /* src */ = {
			isa = PBXGroup;
			children = (
				CE1338DF1BCC742400BD0D9D /* ofxMsgPacker.h */,
				CE1338E01BCC742400BD0D9D /* ofxMsgUnPacker.h */,
			);
			name = src;
			path = ../../../addons/ofxMessagePack/src;
			sourceTree = "<group>";
		};
		CE2B25551BC9E1DC0091BE45 /* Objects */ = {
			isa = PBXGroup;
			children = (
				CEB9D1F41BCC52C7003FC036 /* ObjectFactory.cpp */,
				CEB9D1F51BCC52C7003FC036 /* ObjectFactory.h */,
				CED1B7CD1BD9CB6500A84E63 /* Magician.cpp */,
				CED1B7CE1BD9CB6500A84E63 /* Magician.hpp */,
				CEE6BFED1BD24CAD000C5478 /* Item.cpp */,
				CEE6BFEC1BD24C91000C5478 /* Item.h */,
				CEE6BFEA1BD24B61000C5478 /* Weapon.cpp */,
				CE6A566B1BD06798007C8BBC /* Weapon.h */,
				CEDB241C1BCEF46500D8CBE4 /* Actor.cpp */,
				CEDB241D1BCEF46500D8CBE4 /* Actor.h */,
				CEDB24221BCEF53300D8CBE4 /* Kobold.cpp */,
				CEDB24231BCEF53300D8CBE4 /* Kobold.h */,
				CED065F61BDB0DEE00BF9746 /* Orc.cpp */,
				CED065F71BDB0DEE00BF9746 /* Orc.h */,
				CEDB24251BCEFAFF00D8CBE4 /* Player.cpp */,
				CEDB24261BCEFAFF00D8CBE4 /* Player.h */,
				CEE6BFEF1BD2CA75000C5478 /* MapData.h */,
				CEE6BFF01BD2CC15000C5478 /* MapData.cpp */,
			);
			name = Objects;
			sourceTree = "<group>";
		};
		CEBB0E021BC2FD7A007948D9 /* ofxDelaunay */ = {
			isa = PBXGroup;
			children = (
				CEBB0E031BC2FD7A007948D9 /* libs */,
				CEBB0E081BC2FD7A007948D9 /* src */,
			);
			name = ofxDelaunay;
			path = ../../../addons/ofxDelaunay;
			sourceTree = "<group>";
		};
		CEBB0E031BC2FD7A007948D9 /* libs */ = {
			isa = PBXGroup;
			children = (
				CEBB0E041BC2FD7A007948D9 /* Delaunay */,
			);
			path = libs;
			sourceTree = "<group>";
		};
		CEBB0E041BC2FD7A007948D9 /* Delaunay */ = {
			isa = PBXGroup;
			children = (
				CEBB0E051BC2FD7A007948D9 /* src */,
			);
			path = Delaunay;
			sourceTree = "<group>";
		};
		CEBB0E051BC2FD7A007948D9 /* src */ = {
			isa = PBXGroup;
			children = (
				CEBB0E061BC2FD7A007948D9 /* Delaunay.cpp */,
				CEBB0E071BC2FD7A007948D9 /* Delaunay.h */,
			);
			path = src;
			sourceTree = "<group>";
		};
		CEBB0E081BC2FD7A007948D9 /* src */ = {
			isa = PBXGroup;
			children = (
				CEBB0E091BC2FD7A007948D9 /* ofxDelaunay.cpp */,
				CEBB0E0A1BC2FD7A007948D9 /* ofxDelaunay.h */,
			);
			path = src;
			sourceTree = "<group>";
		};
		CEE6BFF41BD30AE6000C5478 /* ofxGui */ = {
			isa = PBXGroup;
			children = (
				CEE6BFF51BD30AE6000C5478 /* src */,
			);
			path = ofxGui;
			sourceTree = "<group>";
		};
		CEE6BFF51BD30AE6000C5478 /* src */ = {
			isa = PBXGroup;
			children = (
				CEE6BFF61BD30AE6000C5478 /* ofxBaseGui.cpp */,
				CEE6BFF71BD30AE6000C5478 /* ofxBaseGui.h */,
				CEE6BFF81BD30AE6000C5478 /* ofxButton.cpp */,
				CEE6BFF91BD30AE6000C5478 /* ofxButton.h */,
				CEE6BFFA1BD30AE6000C5478 /* ofxGui.h */,
				CEE6BFFB1BD30AE6000C5478 /* ofxGuiGroup.cpp */,
				CEE6BFFC1BD30AE6000C5478 /* ofxGuiGroup.h */,
				CEE6BFFD1BD30AE6000C5478 /* ofxLabel.cpp */,
				CEE6BFFE1BD30AE6000C5478 /* ofxLabel.h */,
				CEE6BFFF1BD30AE6000C5478 /* ofxPanel.cpp */,
				CEE6C0001BD30AE6000C5478 /* ofxPanel.h */,
				CEE6C0011BD30AE6000C5478 /* ofxSlider.cpp */,
				CEE6C0021BD30AE6000C5478 /* ofxSlider.h */,
				CEE6C0031BD30AE6000C5478 /* ofxSliderGroup.cpp */,
				CEE6C0041BD30AE6000C5478 /* ofxSliderGroup.h */,
				CEE6C0051BD30AE6000C5478 /* ofxToggle.cpp */,
				CEE6C0061BD30AE6000C5478 /* ofxToggle.h */,
			);
			path = src;
			sourceTree = "<group>";
		};
		CEE6C0171BD49025000C5478 /* Events */ = {
			isa = PBXGroup;
			children = (
				CEE6C0181BD4903C000C5478 /* ActorEvent.cpp */,
				CEE6C0191BD4903C000C5478 /* ActorEvent.h */,
				CEE6C01C1BD4B951000C5478 /* CombatEvent.cpp */,
				CEE6C01D1BD4B951000C5478 /* CombatEvent.h */,
				CEE6C0131BD47A97000C5478 /* EventLog.cpp */,
				CEE6C0141BD47A97000C5478 /* EventLog.h */,
				CE525D081BD5DB6B0028DDB9 /* VFX.cpp */,
				CE525D091BD5DB6B0028DDB9 /* VFX.hpp */,
			);
			name = Events;
			sourceTree = "<group>";
		};
		CEFCE5941BBF55A800D68A81 /* shaders */ = {
			isa = PBXGroup;
			children = (
				CEFCE5951BBF55CB00D68A81 /* s.frag */,
				CEFCE5961BBF55CB00D68A81 /* s.vert */,
			);
			name = shaders;
			sourceTree = "<group>";
		};
		E4328144138ABC890047C5CB /* Products */ = {
			isa = PBXGroup;
			children = (
				E4328148138ABC890047C5CB /* openFrameworksDebug.a */,
			);
			name = Products;
			sourceTree = "<group>";
		};
		E45BE5980E8CC70C009D7055 /* frameworks */ = {
			isa = PBXGroup;
			children = (
				BBAB23CA13894EDB00AA2426 /* 3rd party frameworks */,
				BBAB23C913894ECA00AA2426 /* system frameworks */,
			);
			name = frameworks;
			sourceTree = "<group>";
		};
		E4B69B4A0A3A1720003C02F2 = {
			isa = PBXGroup;
			children = (
				E4B6FCAD0C3E899E008CF71C /* openFrameworks-Info.plist */,
				E4EB6923138AFD0F00A09F29 /* Project.xcconfig */,
				E4B69E1C0A3A1BDC003C02F2 /* src */,
				E4EEC9E9138DF44700A80321 /* openFrameworks */,
				BB4B014C10F69532006C3DED /* addons */,
				E45BE5980E8CC70C009D7055 /* frameworks */,
				E4B69B5B0A3A1756003C02F2 /* matadorDebug.app */,
			);
			sourceTree = "<group>";
		};
		E4B69E1C0A3A1BDC003C02F2 /* src */ = {
			isa = PBXGroup;
			children = (
				CEE6C0171BD49025000C5478 /* Events */,
				CE117CCE1BCCE923003DFD6A /* Materials */,
				CE2B25551BC9E1DC0091BE45 /* Objects */,
				CEFCE5941BBF55A800D68A81 /* shaders */,
				E4B69E1D0A3A1BDC003C02F2 /* main.cpp */,
				CE2CD4901BC369F6000014AC /* AStar.cpp */,
				CE2CD4911BC369F6000014AC /* AStar.h */,
				CEF10E8E1BC62C6D00CDB768 /* Console.cpp */,
				CEF10E8F1BC62C6D00CDB768 /* Console.h */,
				E4B69E1E0A3A1BDC003C02F2 /* Core.cpp */,
				E4B69E1F0A3A1BDC003C02F2 /* Core.h */,
				CEB05CB41BC553F4008343B3 /* Defines.h */,
				CED1B7CA1BD9C31A00A84E63 /* Dialog.cpp */,
				CED1B7CB1BD9C31A00A84E63 /* Dialog.hpp */,
				CEDE6B3D1BD7F9A10041FF0B /* Dijkstra.cpp */,
				CEDE6B3E1BD7F9A10041FF0B /* Dijkstra.hpp */,
				CEBD73051BC5596C003B1D7D /* Engine.cpp */,
				CEBD73061BC5596C003B1D7D /* Engine.h */,
				CEE6C0101BD43D87000C5478 /* Equip.cpp */,
				CEE6C0111BD43D87000C5478 /* Equip.h */,
				CEDB24291BCF80B600D8CBE4 /* FSM.h */,
				CEDB241A1BCECAC900D8CBE4 /* Inspect.cpp */,
				CEDB24191BCECA8400D8CBE4 /* Inspect.h */,
				CE2CD48A1BC2FDC9000014AC /* Map.cpp */,
				CE2CD48B1BC2FDC9000014AC /* Map.h */,
				CED0B15D1BC76F4700FD1361 /* Menu.cpp */,
				CED0B15E1BC76F4700FD1361 /* Menu.h */,
				CEDB24151BCE0BE800D8CBE4 /* Paint.cpp */,
				CEDB24161BCE0BE800D8CBE4 /* Paint.h */,
				CE117BA51BCCA8EC003DFD6A /* Serializer.cpp */,
				CE117BA61BCCA8EC003DFD6A /* Serializer.hpp */,
				CED065F91BDBB31700BF9746 /* StateMachine.h */,
				CEDB242B1BCF816C00D8CBE4 /* ofVec2i.h */,
				CEDB242A1BCF811200D8CBE4 /* ofVec4i.h */,
			);
			path = src;
			sourceTree = SOURCE_ROOT;
		};
		E4EEC9E9138DF44700A80321 /* openFrameworks */ = {
			isa = PBXGroup;
			children = (
				E4EB691F138AFCF100A09F29 /* CoreOF.xcconfig */,
				E4328143138ABC890047C5CB /* openFrameworksLib.xcodeproj */,
			);
			name = openFrameworks;
			sourceTree = "<group>";
		};
/* End PBXGroup section */

/* Begin PBXNativeTarget section */
		E4B69B5A0A3A1756003C02F2 /* matador */ = {
			isa = PBXNativeTarget;
			buildConfigurationList = E4B69B5F0A3A1757003C02F2 /* Build configuration list for PBXNativeTarget "matador" */;
			buildPhases = (
				E4B69B580A3A1756003C02F2 /* Sources */,
				E4B69B590A3A1756003C02F2 /* Frameworks */,
				E4B6FFFD0C3F9AB9008CF71C /* ShellScript */,
				E4C2427710CC5ABF004149E2 /* CopyFiles */,
			);
			buildRules = (
			);
			dependencies = (
				E4EEB9AC138B136A00A80321 /* PBXTargetDependency */,
			);
			name = matador;
			productName = myOFApp;
			productReference = E4B69B5B0A3A1756003C02F2 /* matadorDebug.app */;
			productType = "com.apple.product-type.application";
		};
/* End PBXNativeTarget section */

/* Begin PBXProject section */
		E4B69B4C0A3A1720003C02F2 /* Project object */ = {
			isa = PBXProject;
			attributes = {
				LastUpgradeCheck = 0460;
			};
			buildConfigurationList = E4B69B4D0A3A1720003C02F2 /* Build configuration list for PBXProject "matador" */;
			compatibilityVersion = "Xcode 3.2";
			developmentRegion = English;
			hasScannedForEncodings = 0;
			knownRegions = (
				English,
				Japanese,
				French,
				German,
			);
			mainGroup = E4B69B4A0A3A1720003C02F2;
			productRefGroup = E4B69B4A0A3A1720003C02F2;
			projectDirPath = "";
			projectReferences = (
				{
					ProductGroup = E4328144138ABC890047C5CB /* Products */;
					ProjectRef = E4328143138ABC890047C5CB /* openFrameworksLib.xcodeproj */;
				},
			);
			projectRoot = "";
			targets = (
				E4B69B5A0A3A1756003C02F2 /* matador */,
			);
		};
/* End PBXProject section */

/* Begin PBXReferenceProxy section */
		E4328148138ABC890047C5CB /* openFrameworksDebug.a */ = {
			isa = PBXReferenceProxy;
			fileType = archive.ar;
			path = openFrameworksDebug.a;
			remoteRef = E4328147138ABC890047C5CB /* PBXContainerItemProxy */;
			sourceTree = BUILT_PRODUCTS_DIR;
		};
/* End PBXReferenceProxy section */

/* Begin PBXShellScriptBuildPhase section */
		E4B6FFFD0C3F9AB9008CF71C /* ShellScript */ = {
			isa = PBXShellScriptBuildPhase;
			buildActionMask = 2147483647;
			files = (
			);
			inputPaths = (
			);
			outputPaths = (
			);
			runOnlyForDeploymentPostprocessing = 0;
			shellPath = /bin/sh;
			shellScript = "cp -f ../../../libs/fmodex/lib/osx/libfmodex.dylib \"$TARGET_BUILD_DIR/$PRODUCT_NAME.app/Contents/MacOS/libfmodex.dylib\"; install_name_tool -change ./libfmodex.dylib @executable_path/libfmodex.dylib \"$TARGET_BUILD_DIR/$PRODUCT_NAME.app/Contents/MacOS/$PRODUCT_NAME\";\nmkdir -p \"$TARGET_BUILD_DIR/$PRODUCT_NAME.app/Contents/Resources/\"\ncp -f \"$ICON_FILE\" \"$TARGET_BUILD_DIR/$PRODUCT_NAME.app/Contents/Resources/\"\n";
		};
/* End PBXShellScriptBuildPhase section */

/* Begin PBXSourcesBuildPhase section */
		E4B69B580A3A1756003C02F2 /* Sources */ = {
			isa = PBXSourcesBuildPhase;
			buildActionMask = 2147483647;
			files = (
				CEBB0E0C1BC2FD7A007948D9 /* ofxDelaunay.cpp in Sources */,
				CEE6C00E1BD30AE6000C5478 /* ofxToggle.cpp in Sources */,
				CEDB24171BCE0BE800D8CBE4 /* Paint.cpp in Sources */,
				CE117BA71BCCA8EC003DFD6A /* Serializer.cpp in Sources */,
				CEDB24271BCEFAFF00D8CBE4 /* Player.cpp in Sources */,
				CEE6C01A1BD4903C000C5478 /* ActorEvent.cpp in Sources */,
				CEE6C0091BD30AE6000C5478 /* ofxGuiGroup.cpp in Sources */,
				CE2CD48C1BC2FDC9000014AC /* Map.cpp in Sources */,
				E4B69E200A3A1BDC003C02F2 /* main.cpp in Sources */,
				CEDE6B3F1BD7F9A10041FF0B /* Dijkstra.cpp in Sources */,
				CED0B15F1BC76F4700FD1361 /* Menu.cpp in Sources */,
				CEE6BFEB1BD24B61000C5478 /* Weapon.cpp in Sources */,
				CEDB24241BCEF53300D8CBE4 /* Kobold.cpp in Sources */,
				E4B69E210A3A1BDC003C02F2 /* Core.cpp in Sources */,
				CED1B7CF1BD9CB6500A84E63 /* Magician.cpp in Sources */,
				CEBB0E0B1BC2FD7A007948D9 /* Delaunay.cpp in Sources */,
				CEE6BFEE1BD24CAD000C5478 /* Item.cpp in Sources */,
				CEB9D1F61BCC52C7003FC036 /* ObjectFactory.cpp in Sources */,
				CED1B7CC1BD9C31A00A84E63 /* Dialog.cpp in Sources */,
				CED065F81BDB0DEE00BF9746 /* Orc.cpp in Sources */,
				CEE6C0121BD43D87000C5478 /* Equip.cpp in Sources */,
				CEE6C0081BD30AE6000C5478 /* ofxButton.cpp in Sources */,
				CE525D0A1BD5DB6B0028DDB9 /* VFX.cpp in Sources */,
				CEDB241E1BCEF46500D8CBE4 /* Actor.cpp in Sources */,
				CE117CD51BCCE936003DFD6A /* Materials.cpp in Sources */,
				CEF10E901BC62C6D00CDB768 /* Console.cpp in Sources */,
				CEE6C00A1BD30AE6000C5478 /* ofxLabel.cpp in Sources */,
				CEE6BFF11BD2CC15000C5478 /* MapData.cpp in Sources */,
				CEE6C00C1BD30AE6000C5478 /* ofxSlider.cpp in Sources */,
				CEE6C01E1BD4B951000C5478 /* CombatEvent.cpp in Sources */,
				CEBD73071BC5596C003B1D7D /* Engine.cpp in Sources */,
				CEDB241B1BCECAC900D8CBE4 /* Inspect.cpp in Sources */,
				CEE6C0151BD47A97000C5478 /* EventLog.cpp in Sources */,
				CEE6C0071BD30AE6000C5478 /* ofxBaseGui.cpp in Sources */,
				CEE6C00B1BD30AE6000C5478 /* ofxPanel.cpp in Sources */,
				CEE6C00D1BD30AE6000C5478 /* ofxSliderGroup.cpp in Sources */,
				CE2CD4921BC369F6000014AC /* AStar.cpp in Sources */,
			);
			runOnlyForDeploymentPostprocessing = 0;
		};
/* End PBXSourcesBuildPhase section */

/* Begin PBXTargetDependency section */
		E4EEB9AC138B136A00A80321 /* PBXTargetDependency */ = {
			isa = PBXTargetDependency;
			name = openFrameworks;
			targetProxy = E4EEB9AB138B136A00A80321 /* PBXContainerItemProxy */;
		};
/* End PBXTargetDependency section */

/* Begin XCBuildConfiguration section */
		E4B69B4E0A3A1720003C02F2 /* Debug */ = {
			isa = XCBuildConfiguration;
			baseConfigurationReference = E4EB6923138AFD0F00A09F29 /* Project.xcconfig */;
			buildSettings = {
				ARCHS = "$(NATIVE_ARCH)";
				CONFIGURATION_BUILD_DIR = "$(SRCROOT)/bin/";
				COPY_PHASE_STRIP = NO;
				DEAD_CODE_STRIPPING = YES;
				GCC_AUTO_VECTORIZATION = YES;
				GCC_ENABLE_SSE3_EXTENSIONS = YES;
				GCC_ENABLE_SUPPLEMENTAL_SSE3_INSTRUCTIONS = YES;
				GCC_INLINES_ARE_PRIVATE_EXTERN = NO;
				GCC_OPTIMIZATION_LEVEL = 0;
				GCC_SYMBOLS_PRIVATE_EXTERN = NO;
				GCC_WARN_ABOUT_DEPRECATED_FUNCTIONS = YES;
				GCC_WARN_ABOUT_INVALID_OFFSETOF_MACRO = NO;
				GCC_WARN_ALLOW_INCOMPLETE_PROTOCOL = NO;
				GCC_WARN_UNINITIALIZED_AUTOS = NO;
				GCC_WARN_UNUSED_VALUE = NO;
				GCC_WARN_UNUSED_VARIABLE = NO;
				HEADER_SEARCH_PATHS = (
					"$(OF_CORE_HEADERS)",
					src,
				);
				MACOSX_DEPLOYMENT_TARGET = 10.6;
				OTHER_CPLUSPLUSFLAGS = (
					"-D__MACOSX_CORE__",
					"-lpthread",
					"-mtune=native",
				);
				SDKROOT = macosx10.10;
			};
			name = Debug;
		};
		E4B69B4F0A3A1720003C02F2 /* Release */ = {
			isa = XCBuildConfiguration;
			baseConfigurationReference = E4EB6923138AFD0F00A09F29 /* Project.xcconfig */;
			buildSettings = {
				ARCHS = "$(NATIVE_ARCH)";
				CONFIGURATION_BUILD_DIR = "$(SRCROOT)/bin/";
				COPY_PHASE_STRIP = YES;
				DEAD_CODE_STRIPPING = YES;
				GCC_AUTO_VECTORIZATION = YES;
				GCC_ENABLE_SSE3_EXTENSIONS = YES;
				GCC_ENABLE_SUPPLEMENTAL_SSE3_INSTRUCTIONS = YES;
				GCC_INLINES_ARE_PRIVATE_EXTERN = NO;
				GCC_OPTIMIZATION_LEVEL = 3;
				GCC_SYMBOLS_PRIVATE_EXTERN = NO;
				GCC_UNROLL_LOOPS = YES;
				GCC_WARN_ABOUT_DEPRECATED_FUNCTIONS = YES;
				GCC_WARN_ABOUT_INVALID_OFFSETOF_MACRO = NO;
				GCC_WARN_ALLOW_INCOMPLETE_PROTOCOL = NO;
				GCC_WARN_UNINITIALIZED_AUTOS = NO;
				GCC_WARN_UNUSED_VALUE = NO;
				GCC_WARN_UNUSED_VARIABLE = NO;
				HEADER_SEARCH_PATHS = (
					"$(OF_CORE_HEADERS)",
					src,
				);
				MACOSX_DEPLOYMENT_TARGET = 10.6;
				OTHER_CPLUSPLUSFLAGS = (
					"-D__MACOSX_CORE__",
					"-lpthread",
					"-mtune=native",
				);
				SDKROOT = macosx10.10;
			};
			name = Release;
		};
		E4B69B600A3A1757003C02F2 /* Debug */ = {
			isa = XCBuildConfiguration;
			buildSettings = {
				ADDONS_PATH = "$(OF_PATH)/addons";
				CLANG_CXX_LANGUAGE_STANDARD = "compiler-default";
				CLANG_CXX_LIBRARY = "libstdc++";
				COMBINE_HIDPI_IMAGES = YES;
				COPY_PHASE_STRIP = NO;
				FRAMEWORK_SEARCH_PATHS = (
					"$(inherited)",
					"$(FRAMEWORK_SEARCH_PATHS_QUOTED_FOR_TARGET_1)",
				);
				FRAMEWORK_SEARCH_PATHS_QUOTED_FOR_TARGET_1 = "\"$(SRCROOT)/../../../libs/glut/lib/osx\"";
				GCC_DYNAMIC_NO_PIC = NO;
				GCC_GENERATE_DEBUGGING_SYMBOLS = YES;
				GCC_MODEL_TUNING = NONE;
				HEADER_SEARCH_PATHS = (
					"$(OF_CORE_HEADERS)",
					src,
					../../../addons/ofxMessagePack/include,
					../../../addons/ofxMessagePack/src,
				);
				ICON = "$(ICON_NAME_DEBUG)";
				ICON_FILE = "$(ICON_FILE_PATH)$(ICON)";
				INFOPLIST_FILE = "openFrameworks-Info.plist";
				INSTALL_PATH = "$(HOME)/Applications";
				LIBRARY_SEARCH_PATHS = (
					"$(inherited)",
					"$(LIBRARY_SEARCH_PATHS_QUOTED_FOR_TARGET_1)",
					"$(LIBRARY_SEARCH_PATHS_QUOTED_FOR_TARGET_2)",
					"$(LIBRARY_SEARCH_PATHS_QUOTED_FOR_TARGET_3)",
					"$(LIBRARY_SEARCH_PATHS_QUOTED_FOR_TARGET_4)",
					"$(LIBRARY_SEARCH_PATHS_QUOTED_FOR_TARGET_5)",
					"$(LIBRARY_SEARCH_PATHS_QUOTED_FOR_TARGET_6)",
					"$(LIBRARY_SEARCH_PATHS_QUOTED_FOR_TARGET_7)",
					"$(LIBRARY_SEARCH_PATHS_QUOTED_FOR_TARGET_8)",
					"$(LIBRARY_SEARCH_PATHS_QUOTED_FOR_TARGET_9)",
					"$(LIBRARY_SEARCH_PATHS_QUOTED_FOR_TARGET_10)",
					"$(LIBRARY_SEARCH_PATHS_QUOTED_FOR_TARGET_11)",
					"$(LIBRARY_SEARCH_PATHS_QUOTED_FOR_TARGET_12)",
					"$(LIBRARY_SEARCH_PATHS_QUOTED_FOR_TARGET_13)",
					"$(LIBRARY_SEARCH_PATHS_QUOTED_FOR_TARGET_14)",
					"$(LIBRARY_SEARCH_PATHS_QUOTED_FOR_TARGET_15)",
					"$(LIBRARY_SEARCH_PATHS_QUOTED_FOR_TARGET_2)",
					"$(LIBRARY_SEARCH_PATHS_QUOTED_FOR_TARGET_3)",
					"$(LIBRARY_SEARCH_PATHS_QUOTED_FOR_TARGET_7)",
					"$(LIBRARY_SEARCH_PATHS_QUOTED_FOR_TARGET_8)",
					"$(LIBRARY_SEARCH_PATHS_QUOTED_FOR_TARGET_9)",
					"$(LIBRARY_SEARCH_PATHS_QUOTED_FOR_TARGET_10)",
					"$(LIBRARY_SEARCH_PATHS_QUOTED_FOR_TARGET_11)",
					"$(LIBRARY_SEARCH_PATHS_QUOTED_FOR_TARGET_12)",
					"$(LIBRARY_SEARCH_PATHS_QUOTED_FOR_TARGET_13)",
					"$(LIBRARY_SEARCH_PATHS_QUOTED_FOR_TARGET_16)",
					"$(LIBRARY_SEARCH_PATHS_QUOTED_FOR_TARGET_17)",
					"$(LIBRARY_SEARCH_PATHS_QUOTED_FOR_TARGET_18)",
					"$(LIBRARY_SEARCH_PATHS_QUOTED_FOR_TARGET_19)",
					"$(LIBRARY_SEARCH_PATHS_QUOTED_FOR_TARGET_20)",
					"$(LIBRARY_SEARCH_PATHS_QUOTED_FOR_TARGET_21)",
					"$(LIBRARY_SEARCH_PATHS_QUOTED_FOR_TARGET_22)",
					"$(LIBRARY_SEARCH_PATHS_QUOTED_FOR_TARGET_23)",
					"$(LIBRARY_SEARCH_PATHS_QUOTED_FOR_TARGET_24)",
					"$(LIBRARY_SEARCH_PATHS_QUOTED_FOR_TARGET_25)",
					"$(LIBRARY_SEARCH_PATHS_QUOTED_FOR_TARGET_26)",
					"$(LIBRARY_SEARCH_PATHS_QUOTED_FOR_TARGET_27)",
					"$(LIBRARY_SEARCH_PATHS_QUOTED_FOR_TARGET_28)",
					"$(LIBRARY_SEARCH_PATHS_QUOTED_FOR_TARGET_29)",
					"$(LIBRARY_SEARCH_PATHS_QUOTED_FOR_TARGET_30)",
					"$(LIBRARY_SEARCH_PATHS_QUOTED_FOR_TARGET_31)",
					"$(LIBRARY_SEARCH_PATHS_QUOTED_FOR_TARGET_32)",
					"$(LIBRARY_SEARCH_PATHS_QUOTED_FOR_TARGET_33)",
					"$(LIBRARY_SEARCH_PATHS_QUOTED_FOR_TARGET_34)",
					"$(LIBRARY_SEARCH_PATHS_QUOTED_FOR_TARGET_35)",
					"$(LIBRARY_SEARCH_PATHS_QUOTED_FOR_TARGET_36)",
					"$(LIBRARY_SEARCH_PATHS_QUOTED_FOR_TARGET_37)",
					"$(LIBRARY_SEARCH_PATHS_QUOTED_FOR_TARGET_38)",
					"$(LIBRARY_SEARCH_PATHS_QUOTED_FOR_TARGET_39)",
					"$(LIBRARY_SEARCH_PATHS_QUOTED_FOR_TARGET_40)",
					"$(LIBRARY_SEARCH_PATHS_QUOTED_FOR_TARGET_41)",
					"$(LIBRARY_SEARCH_PATHS_QUOTED_FOR_TARGET_42)",
					"$(LIBRARY_SEARCH_PATHS_QUOTED_FOR_TARGET_43)",
					"$(LIBRARY_SEARCH_PATHS_QUOTED_FOR_TARGET_44)",
					"$(LIBRARY_SEARCH_PATHS_QUOTED_FOR_TARGET_45)",
					"$(LIBRARY_SEARCH_PATHS_QUOTED_FOR_TARGET_46)",
					"$(LIBRARY_SEARCH_PATHS_QUOTED_FOR_TARGET_47)",
					"$(LIBRARY_SEARCH_PATHS_QUOTED_FOR_TARGET_48)",
					"$(LIBRARY_SEARCH_PATHS_QUOTED_FOR_TARGET_49)",
					"$(LIBRARY_SEARCH_PATHS_QUOTED_FOR_TARGET_50)",
					"$(LIBRARY_SEARCH_PATHS_QUOTED_FOR_TARGET_51)",
					"$(LIBRARY_SEARCH_PATHS_QUOTED_FOR_TARGET_52)",
				);
				MACOSX_DEPLOYMENT_TARGET = 10.6;
				OFX_MSGP_HEADERS = "\"$(ADDONS_PATH)/ofxMessagePack/include/\"";
				OFX_MSGP_LIBS = "\"$(ADDONS_PATH)/ofxMessagePack/lib/msgpack_osx.a\"";
				OTHER_LDFLAGS = (
					"$(OF_CORE_LIBS)",
					"$(OFX_MSGP_LIBS)",
				);
				PRODUCT_NAME = matadorDebug;
				WRAPPER_EXTENSION = app;
			};
			name = Debug;
		};
		E4B69B610A3A1757003C02F2 /* Release */ = {
			isa = XCBuildConfiguration;
			buildSettings = {
				ADDONS_PATH = "$(OF_PATH)/addons";
				CLANG_CXX_LANGUAGE_STANDARD = "compiler-default";
				CLANG_CXX_LIBRARY = "libstdc++";
				COMBINE_HIDPI_IMAGES = YES;
				COPY_PHASE_STRIP = YES;
				FRAMEWORK_SEARCH_PATHS = (
					"$(inherited)",
					"$(FRAMEWORK_SEARCH_PATHS_QUOTED_FOR_TARGET_1)",
				);
				FRAMEWORK_SEARCH_PATHS_QUOTED_FOR_TARGET_1 = "\"$(SRCROOT)/../../../libs/glut/lib/osx\"";
				GCC_GENERATE_DEBUGGING_SYMBOLS = YES;
				GCC_MODEL_TUNING = NONE;
				HEADER_SEARCH_PATHS = (
					"$(OF_CORE_HEADERS)",
					src,
					../../../addons/ofxMessagePack/include,
					../../../addons/ofxMessagePack/src,
				);
				ICON = "$(ICON_NAME_RELEASE)";
				ICON_FILE = "$(ICON_FILE_PATH)$(ICON)";
				INFOPLIST_FILE = "openFrameworks-Info.plist";
				INSTALL_PATH = "$(HOME)/Applications";
				LIBRARY_SEARCH_PATHS = (
					"$(inherited)",
					"$(LIBRARY_SEARCH_PATHS_QUOTED_FOR_TARGET_1)",
					"$(LIBRARY_SEARCH_PATHS_QUOTED_FOR_TARGET_2)",
					"$(LIBRARY_SEARCH_PATHS_QUOTED_FOR_TARGET_3)",
					"$(LIBRARY_SEARCH_PATHS_QUOTED_FOR_TARGET_4)",
					"$(LIBRARY_SEARCH_PATHS_QUOTED_FOR_TARGET_5)",
					"$(LIBRARY_SEARCH_PATHS_QUOTED_FOR_TARGET_6)",
					"$(LIBRARY_SEARCH_PATHS_QUOTED_FOR_TARGET_7)",
					"$(LIBRARY_SEARCH_PATHS_QUOTED_FOR_TARGET_8)",
					"$(LIBRARY_SEARCH_PATHS_QUOTED_FOR_TARGET_9)",
					"$(LIBRARY_SEARCH_PATHS_QUOTED_FOR_TARGET_10)",
					"$(LIBRARY_SEARCH_PATHS_QUOTED_FOR_TARGET_11)",
					"$(LIBRARY_SEARCH_PATHS_QUOTED_FOR_TARGET_12)",
					"$(LIBRARY_SEARCH_PATHS_QUOTED_FOR_TARGET_13)",
					"$(LIBRARY_SEARCH_PATHS_QUOTED_FOR_TARGET_14)",
					"$(LIBRARY_SEARCH_PATHS_QUOTED_FOR_TARGET_15)",
					"$(LIBRARY_SEARCH_PATHS_QUOTED_FOR_TARGET_2)",
					"$(LIBRARY_SEARCH_PATHS_QUOTED_1)",
					"$(LIBRARY_SEARCH_PATHS_QUOTED_FOR_TARGET_3)",
					"$(LIBRARY_SEARCH_PATHS_QUOTED_FOR_TARGET_7)",
					"$(LIBRARY_SEARCH_PATHS_QUOTED_FOR_TARGET_8)",
					"$(LIBRARY_SEARCH_PATHS_QUOTED_FOR_TARGET_9)",
					"$(LIBRARY_SEARCH_PATHS_QUOTED_FOR_TARGET_10)",
					"$(LIBRARY_SEARCH_PATHS_QUOTED_FOR_TARGET_11)",
					"$(LIBRARY_SEARCH_PATHS_QUOTED_FOR_TARGET_12)",
					"$(LIBRARY_SEARCH_PATHS_QUOTED_FOR_TARGET_13)",
					"$(LIBRARY_SEARCH_PATHS_QUOTED_FOR_TARGET_16)",
					"$(LIBRARY_SEARCH_PATHS_QUOTED_FOR_TARGET_17)",
					"$(LIBRARY_SEARCH_PATHS_QUOTED_FOR_TARGET_18)",
					"$(LIBRARY_SEARCH_PATHS_QUOTED_FOR_TARGET_19)",
					"$(LIBRARY_SEARCH_PATHS_QUOTED_FOR_TARGET_20)",
					"$(LIBRARY_SEARCH_PATHS_QUOTED_FOR_TARGET_21)",
					"$(LIBRARY_SEARCH_PATHS_QUOTED_FOR_TARGET_22)",
					"$(LIBRARY_SEARCH_PATHS_QUOTED_FOR_TARGET_23)",
					"$(LIBRARY_SEARCH_PATHS_QUOTED_FOR_TARGET_24)",
					"$(LIBRARY_SEARCH_PATHS_QUOTED_FOR_TARGET_25)",
					"$(LIBRARY_SEARCH_PATHS_QUOTED_FOR_TARGET_26)",
					"$(LIBRARY_SEARCH_PATHS_QUOTED_FOR_TARGET_27)",
					"$(LIBRARY_SEARCH_PATHS_QUOTED_FOR_TARGET_28)",
					"$(LIBRARY_SEARCH_PATHS_QUOTED_FOR_TARGET_29)",
					"$(LIBRARY_SEARCH_PATHS_QUOTED_FOR_TARGET_30)",
					"$(LIBRARY_SEARCH_PATHS_QUOTED_FOR_TARGET_31)",
					"$(LIBRARY_SEARCH_PATHS_QUOTED_FOR_TARGET_32)",
					"$(LIBRARY_SEARCH_PATHS_QUOTED_FOR_TARGET_33)",
					"$(LIBRARY_SEARCH_PATHS_QUOTED_FOR_TARGET_34)",
					"$(LIBRARY_SEARCH_PATHS_QUOTED_FOR_TARGET_35)",
					"$(LIBRARY_SEARCH_PATHS_QUOTED_FOR_TARGET_36)",
					"$(LIBRARY_SEARCH_PATHS_QUOTED_FOR_TARGET_37)",
					"$(LIBRARY_SEARCH_PATHS_QUOTED_FOR_TARGET_38)",
					"$(LIBRARY_SEARCH_PATHS_QUOTED_FOR_TARGET_39)",
					"$(LIBRARY_SEARCH_PATHS_QUOTED_FOR_TARGET_40)",
					"$(LIBRARY_SEARCH_PATHS_QUOTED_FOR_TARGET_41)",
					"$(LIBRARY_SEARCH_PATHS_QUOTED_FOR_TARGET_42)",
					"$(LIBRARY_SEARCH_PATHS_QUOTED_FOR_TARGET_43)",
					"$(LIBRARY_SEARCH_PATHS_QUOTED_FOR_TARGET_44)",
					"$(LIBRARY_SEARCH_PATHS_QUOTED_FOR_TARGET_45)",
					"$(LIBRARY_SEARCH_PATHS_QUOTED_FOR_TARGET_46)",
					"$(LIBRARY_SEARCH_PATHS_QUOTED_FOR_TARGET_47)",
					"$(LIBRARY_SEARCH_PATHS_QUOTED_FOR_TARGET_48)",
					"$(LIBRARY_SEARCH_PATHS_QUOTED_FOR_TARGET_49)",
					"$(LIBRARY_SEARCH_PATHS_QUOTED_FOR_TARGET_50)",
					"$(LIBRARY_SEARCH_PATHS_QUOTED_FOR_TARGET_51)",
				);
				MACOSX_DEPLOYMENT_TARGET = 10.6;
				OFX_MSGP_HEADERS = "\"$(ADDONS_PATH)/ofxMessagePack/include/\"";
				OFX_MSGP_LIBS = "\"$(ADDONS_PATH)/ofxMessagePack/lib/msgpack_osx.a\"";
				OTHER_LDFLAGS = (
					"$(OF_CORE_LIBS)",
					"$(OFX_MSGP_LIBS)",
				);
				PRODUCT_NAME = matadorDebug;
				WRAPPER_EXTENSION = app;
			};
			name = Release;
		};
/* End XCBuildConfiguration section */

/* Begin XCConfigurationList section */
		E4B69B4D0A3A1720003C02F2 /* Build configuration list for PBXProject "matador" */ = {
			isa = XCConfigurationList;
			buildConfigurations = (
				E4B69B4E0A3A1720003C02F2 /* Debug */,
				E4B69B4F0A3A1720003C02F2 /* Release */,
			);
			defaultConfigurationIsVisible = 0;
			defaultConfigurationName = Release;
		};
		E4B69B5F0A3A1757003C02F2 /* Build configuration list for PBXNativeTarget "matador" */ = {
			isa = XCConfigurationList;
			buildConfigurations = (
				E4B69B600A3A1757003C02F2 /* Debug */,
				E4B69B610A3A1757003C02F2 /* Release */,
			);
			defaultConfigurationIsVisible = 0;
			defaultConfigurationName = Release;
		};
/* End XCConfigurationList section */
	};
	rootObject = E4B69B4C0A3A1720003C02F2 /* Project object */;
}
